
Microsoft Visual Studio Solution File, Format Version 12.00
# Visual Studio Version 17
VisualStudioVersion = 17.6.33829.357
MinimumVisualStudioVersion = 10.0.40219.1
Project("{FAE04EC0-301F-11D3-BF4B-00C04F79EFBC}") = "Hololens2_CameraTest", "Hololens2_CameraTest\Hololens2_CameraTest.csproj", "{0DF5BC68-4AF0-46D8-8069-BD13781F86D1}"
EndProject
Global
	GlobalSection(SolutionConfigurationPlatforms) = preSolution
		Debug|ARM = Debug|ARM
		Debug|ARM64 = Debug|ARM64
		Debug|x64 = Debug|x64
		Debug|x86 = Debug|x86
		Release|ARM = Release|ARM
		Release|ARM64 = Release|ARM64
		Release|x64 = Release|x64
		Release|x86 = Release|x86
	EndGlobalSection
	GlobalSection(ProjectConfigurationPlatforms) = postSolution
		{0DF5BC68-4AF0-46D8-8069-BD13781F86D1}.Debug|ARM.ActiveCfg = Debug|ARM
		{0DF5BC68-4AF0-46D8-8069-BD13781F86D1}.Debug|ARM.Build.0 = Debug|ARM
		{0DF5BC68-4AF0-46D8-8069-BD13781F86D1}.Debug|ARM.Deploy.0 = Debug|ARM
		{0DF5BC68-4AF0-46D8-8069-BD13781F86D1}.Debug|ARM64.ActiveCfg = Debug|ARM64
		{0DF5BC68-4AF0-46D8-8069-BD13781F86D1}.Debug|ARM64.Build.0 = Debug|ARM64
		{0DF5BC68-4AF0-46D8-8069-BD13781F86D1}.Debug|ARM64.Deploy.0 = Debug|ARM64
		{0DF5BC68-4AF0-46D8-8069-BD13781F86D1}.Debug|x64.ActiveCfg = Debug|x64
		{0DF5BC68-4AF0-46D8-8069-BD13781F86D1}.Debug|x64.Build.0 = Debug|x64
		{0DF5BC68-4AF0-46D8-8069-BD13781F86D1}.Debug|x64.Deploy.0 = Debug|x64
		{0DF5BC68-4AF0-46D8-8069-BD13781F86D1}.Debug|x86.ActiveCfg = Debug|x86
		{0DF5BC68-4AF0-46D8-8069-BD13781F86D1}.Debug|x86.Build.0 = Debug|x86
		{0DF5BC68-4AF0-46D8-8069-BD13781F86D1}.Debug|x86.Deploy.0 = Debug|x86
		{0DF5BC68-4AF0-46D8-8069-BD13781F86D1}.Release|ARM.ActiveCfg = Release|ARM
		{0DF5BC68-4AF0-46D8-8069-BD13781F86D1}.Release|ARM.Build.0 = Release|ARM
		{0DF5BC68-4AF0-46D8-8069-BD13781F86D1}.Release|ARM.Deploy.0 = Release|ARM
		{0DF5BC68-4AF0-46D8-8069-BD13781F86D1}.Release|ARM64.ActiveCfg = Release|ARM64
		{0DF5BC68-4AF0-46D8-8069-BD13781F86D1}.Release|ARM64.Build.0 = Release|ARM64
		{0DF5BC68-4AF0-46D8-8069-BD13781F86D1}.Release|ARM64.Deploy.0 = Release|ARM64
		{0DF5BC68-4AF0-46D8-8069-BD13781F86D1}.Release|x64.ActiveCfg = Release|x64
		{0DF5BC68-4AF0-46D8-8069-BD13781F86D1}.Release|x64.Build.0 = Release|x64
		{0DF5BC68-4AF0-46D8-8069-BD13781F86D1}.Release|x64.Deploy.0 = Release|x64
		{0DF5BC68-4AF0-46D8-8069-BD13781F86D1}.Release|x86.ActiveCfg = Release|x86
		{0DF5BC68-4AF0-46D8-8069-BD13781F86D1}.Release|x86.Build.0 = Release|x86
		{0DF5BC68-4AF0-46D8-8069-BD13781F86D1}.Release|x86.Deploy.0 = Release|x86
	EndGlobalSection
	GlobalSection(SolutionProperties) = preSolution
		HideSolutionNode = FALSE
	EndGlobalSection
	GlobalSection(ExtensibilityGlobals) = postSolution
		SolutionGuid = {ADAC622E-9498-4AC2-9BA6-BED73B01C414}
	EndGlobalSection
EndGlobal
